{
  "version": "v1",
  "packages": {
    "@next-dev/component": {
      "signature": "896496855c1c001e38c852279d878fa9",
      "file": true
    },
    "@next-dev/core": {
      "signature": "966fc6b97b281077c7c437322e5f9849",
      "file": true
    },
    "@next-dev/hooks": {
      "signature": "0c5fcd35040b51b03c3f45672a3b0aaf",
      "file": true
    },
    "@next-dev/provider": {
      "signature": "4c9f9b3327947058852b3ad7107c9588",
      "file": true
    }
  }
}